
Microsoft Visual Studio Solution File, Format Version 12.00
# Visual Studio Version 16
VisualStudioVersion = 16.0.32106.194
MinimumVisualStudioVersion = 10.0.40219.1
Project("{FAE04EC0-301F-11D3-BF4B-00C04F79EFBC}") = "MyFirstASPNetWebApp", "MyFirstASPNetWebApp\MyFirstASPNetWebApp.csproj", "{1D07C01A-E634-458B-8546-871E78AD238E}"
EndProject
Global
	GlobalSection(SolutionConfigurationPlatforms) = preSolution
		Debug|Any CPU = Debug|Any CPU
		Release|Any CPU = Release|Any CPU
	EndGlobalSection
	GlobalSection(ProjectConfigurationPlatforms) = postSolution
		{1D07C01A-E634-458B-8546-871E78AD238E}.Debug|Any CPU.ActiveCfg = Debug|Any CPU
		{1D07C01A-E634-458B-8546-871E78AD238E}.Debug|Any CPU.Build.0 = Debug|Any CPU
		{1D07C01A-E634-458B-8546-871E78AD238E}.Release|Any CPU.ActiveCfg = Release|Any CPU
		{1D07C01A-E634-458B-8546-871E78AD238E}.Release|Any CPU.Build.0 = Release|Any CPU
	EndGlobalSection
	GlobalSection(SolutionProperties) = preSolution
		HideSolutionNode = FALSE
	EndGlobalSection
	GlobalSection(ExtensibilityGlobals) = postSolution
		SolutionGuid = {E57F61E3-ADBC-429B-8B18-635BEDF51C60}
	EndGlobalSection
EndGlobal
